{
  "name": "dcccontrollerserverv2",
  "version": "1.0.0",
  "lockfileVersion": 3,
  "requires": true,
  "packages": {
    "": {
      "name": "dcccontrollerserverv2",
      "version": "1.0.0",
      "license": "ISC",
      "devDependencies": {
        "raspi": "^6.0.1"
      }
    },
    "node_modules/j5-io-types": {
      "version": "2.5.0",
      "resolved": "https://registry.npmjs.org/j5-io-types/-/j5-io-types-2.5.0.tgz",
      "integrity": "sha512-S44ds7NZfVUL3xsvboNEIXnrZ0TDUPixKtdcO4+L3bUctWzAtHSTvPmyU9G8urqfzXl6d22xBq7c+sjGUrD4+w==",
      "dev": true
    },
    "node_modules/raspi": {
      "version": "6.0.1",
      "resolved": "https://registry.npmjs.org/raspi/-/raspi-6.0.1.tgz",
      "integrity": "sha512-vv7P8QgUCC0wjN9aBGi7SKy7LClZSsIMSQyEE+GUVzImbX44OTftj3Vjo+Kbl2d+acmjBNNkEk/jnzXDZMcI5g==",
      "dev": true,
      "dependencies": {
        "j5-io-types": "^2.4.0",
        "raspi-board": "^7.0.0"
      },
      "engines": {
        "node": ">= 6.4.0"
      }
    },
    "node_modules/raspi-board": {
      "version": "7.4.0",
      "resolved": "https://registry.npmjs.org/raspi-board/-/raspi-board-7.4.0.tgz",
      "integrity": "sha512-AMmBcXRm9UndFSu1bOaxQJrtx49UlXlvyQNPZzcWTrVznsX7Ttjtx97WmBfvtLygf0bPcJPIoxvrGVkAKLfxfA==",
      "dev": true,
      "dependencies": {
        "j5-io-types": "^2.4.0"
      },
      "engines": {
        "node": ">= 6.0.0"
      }
    }
  }
}
